// !$*UTF8*$!
{
	archiveVersion = 1;
	classes = {
	};
	objectVersion = 45;
	objects = {

/* Begin PBXBuildFile section */
		257573A1072882FA000BE9CA /* ErlangPlugin.h in Headers */ = {isa = PBXBuildFile; fileRef = 65DBA1180447BC6B00246FD8 /* ErlangPlugin.h */; };
		257573A3072882FA000BE9CA /* InfoPlist.strings in Resources */ = {isa = PBXBuildFile; fileRef = 089C167DFE841241C02AAC07 /* InfoPlist.strings */; };
		257573A6072882FA000BE9CA /* ErlangPlugin.m in Sources */ = {isa = PBXBuildFile; fileRef = 65DBA1190447BC6B00246FD8 /* ErlangPlugin.m */; };
		257573A8072882FA000BE9CA /* Cocoa.framework in Frameworks */ = {isa = PBXBuildFile; fileRef = 1058C7ADFEA557BF11CA2CBB /* Cocoa.framework */; };
		3301F6010E852376008D0AB0 /* Erlang BuildRules.xcbuildrules in Resources */ = {isa = PBXBuildFile; fileRef = 33F287590E849517003F2841 /* Erlang BuildRules.xcbuildrules */; };
		3302F51E0FC8322200FCF266 /* DevToolsFoundation.framework in Frameworks */ = {isa = PBXBuildFile; fileRef = 3302F51D0FC8322200FCF266 /* DevToolsFoundation.framework */; };
		3332E5FE0E8C263A00F0E592 /* Erlang ProductTypes.xcspec in Resources */ = {isa = PBXBuildFile; fileRef = 3332E5FD0E8C263A00F0E592 /* Erlang ProductTypes.xcspec */; };
		334FB9900ED4696D00E85ECD /* Erlang PackageTypes.xcspec in Resources */ = {isa = PBXBuildFile; fileRef = 334FB98F0ED4696D00E85ECD /* Erlang PackageTypes.xcspec */; };
		337F857C0EAE7E3E00EF344B /* copyresources.rb in Resources */ = {isa = PBXBuildFile; fileRef = 337F857B0EAE7E3E00EF344B /* copyresources.rb */; };
		337F857E0EAE7E8400EF344B /* Erlang Tools.xcspec in Resources */ = {isa = PBXBuildFile; fileRef = 337F857D0EAE7E8400EF344B /* Erlang Tools.xcspec */; };
		338E8C820ECCFB3700E2426E /* Nitrogen Framework.xctxtmacro in Resources */ = {isa = PBXBuildFile; fileRef = 338E8C810ECCFB3700E2426E /* Nitrogen Framework.xctxtmacro */; };
		339968CC0E8E524400B89A65 /* EXCompilerSpecificationErlc.h in Headers */ = {isa = PBXBuildFile; fileRef = 339968CA0E8E524400B89A65 /* EXCompilerSpecificationErlc.h */; };
		339968CD0E8E524400B89A65 /* EXCompilerSpecificationErlc.m in Sources */ = {isa = PBXBuildFile; fileRef = 339968CB0E8E524400B89A65 /* EXCompilerSpecificationErlc.m */; };
		33A453E30E86A8AC00737D57 /* Erlang Macros.xctxtmacro in Resources */ = {isa = PBXBuildFile; fileRef = 33A453E20E86A8AC00737D57 /* Erlang Macros.xctxtmacro */; };
		33AF22530E914AA800034171 /* Erlang Compiler.xcspec in Resources */ = {isa = PBXBuildFile; fileRef = 33AF22520E914AA800034171 /* Erlang Compiler.xcspec */; };
		33C6132F0E91501C00EBBBE1 /* Erlang Syntax.xcsynspec in Resources */ = {isa = PBXBuildFile; fileRef = 33C6132E0E91501C00EBBBE1 /* Erlang Syntax.xcsynspec */; };
		33D214AB0E8AE2F4000B3678 /* XCPBuildSystem.h in Headers */ = {isa = PBXBuildFile; fileRef = 33D214A40E8AE2F4000B3678 /* XCPBuildSystem.h */; };
		33D214AC0E8AE2F4000B3678 /* XCPBuildSystem.m in Sources */ = {isa = PBXBuildFile; fileRef = 33D214A50E8AE2F4000B3678 /* XCPBuildSystem.m */; };
		33D214AD0E8AE2F4000B3678 /* XCPDependencyGraph.h in Headers */ = {isa = PBXBuildFile; fileRef = 33D214A60E8AE2F4000B3678 /* XCPDependencyGraph.h */; };
		33D214AE0E8AE2F4000B3678 /* XCPOutputParsing.h in Headers */ = {isa = PBXBuildFile; fileRef = 33D214A70E8AE2F4000B3678 /* XCPOutputParsing.h */; };
		33D214AF0E8AE2F4000B3678 /* XCPSpecifications.h in Headers */ = {isa = PBXBuildFile; fileRef = 33D214A80E8AE2F4000B3678 /* XCPSpecifications.h */; };
		33D214B00E8AE2F4000B3678 /* XCPSupport.h in Headers */ = {isa = PBXBuildFile; fileRef = 33D214A90E8AE2F4000B3678 /* XCPSupport.h */; };
		33D214B10E8AE2F4000B3678 /* XCPSourceParsing.h in Headers */ = {isa = PBXBuildFile; fileRef = 33D214AA0E8AE2F4000B3678 /* XCPSourceParsing.h */; };
		33D214C30E8AE39A000B3678 /* DevToolsCore.framework in Frameworks */ = {isa = PBXBuildFile; fileRef = 33D214C20E8AE39A000B3678 /* DevToolsCore.framework */; };
		33D5FFF80E8AF76A002F7777 /* DevToolsSupport.framework in Frameworks */ = {isa = PBXBuildFile; fileRef = 33D5FFF70E8AF76A002F7777 /* DevToolsSupport.framework */; };
		33F2874C0E84938F003F2841 /* Erlang FileTypes.xcspec in Resources */ = {isa = PBXBuildFile; fileRef = 33F2874B0E84938F003F2841 /* Erlang FileTypes.xcspec */; };
		33F287570E84946E003F2841 /* Erlang Language.xclangspec in Resources */ = {isa = PBXBuildFile; fileRef = 33F287560E84946E003F2841 /* Erlang Language.xclangspec */; };
/* End PBXBuildFile section */

/* Begin PBXFileReference section */
		089C1672FE841209C02AAC07 /* Foundation.framework */ = {isa = PBXFileReference; lastKnownFileType = wrapper.framework; name = Foundation.framework; path = /System/Library/Frameworks/Foundation.framework; sourceTree = "<absolute>"; };
		089C167EFE841241C02AAC07 /* English */ = {isa = PBXFileReference; fileEncoding = 10; lastKnownFileType = text.plist.strings; name = English; path = English.lproj/InfoPlist.strings; sourceTree = "<group>"; };
		089C167FFE841241C02AAC07 /* AppKit.framework */ = {isa = PBXFileReference; lastKnownFileType = wrapper.framework; name = AppKit.framework; path = /System/Library/Frameworks/AppKit.framework; sourceTree = "<absolute>"; };
		1058C7ADFEA557BF11CA2CBB /* Cocoa.framework */ = {isa = PBXFileReference; lastKnownFileType = wrapper.framework; name = Cocoa.framework; path = /System/Library/Frameworks/Cocoa.framework; sourceTree = "<absolute>"; };
		257573B4072882FA000BE9CA /* Info.plist */ = {isa = PBXFileReference; lastKnownFileType = text.plist.xml; path = Info.plist; sourceTree = "<group>"; };
		257573B5072882FA000BE9CA /* ErlangXcode.xcplugin */ = {isa = PBXFileReference; explicitFileType = wrapper.cfbundle; includeInIndex = 0; path = ErlangXcode.xcplugin; sourceTree = BUILT_PRODUCTS_DIR; };
		3302F51D0FC8322200FCF266 /* DevToolsFoundation.framework */ = {isa = PBXFileReference; lastKnownFileType = wrapper.framework; name = DevToolsFoundation.framework; path = Library/PrivateFrameworks/DevToolsFoundation.framework; sourceTree = DEVELOPER_DIR; };
		3332E5FD0E8C263A00F0E592 /* Erlang ProductTypes.xcspec */ = {isa = PBXFileReference; fileEncoding = 4; lastKnownFileType = text.plist.xcspec; path = "Erlang ProductTypes.xcspec"; sourceTree = "<group>"; };
		334FB98F0ED4696D00E85ECD /* Erlang PackageTypes.xcspec */ = {isa = PBXFileReference; fileEncoding = 4; lastKnownFileType = text.plist.xcspec; path = "Erlang PackageTypes.xcspec"; sourceTree = "<group>"; };
		334FB9A10ED469FF00E85ECD /* Erlang Architecture.xcspec */ = {isa = PBXFileReference; fileEncoding = 4; lastKnownFileType = text.plist.xcspec; path = "Erlang Architecture.xcspec"; sourceTree = "<group>"; };
		337F857B0EAE7E3E00EF344B /* copyresources.rb */ = {isa = PBXFileReference; fileEncoding = 4; lastKnownFileType = text.script.ruby; path = copyresources.rb; sourceTree = "<group>"; };
		337F857D0EAE7E8400EF344B /* Erlang Tools.xcspec */ = {isa = PBXFileReference; fileEncoding = 4; lastKnownFileType = text.plist.xcspec; path = "Erlang Tools.xcspec"; sourceTree = "<group>"; };
		338E8C810ECCFB3700E2426E /* Nitrogen Framework.xctxtmacro */ = {isa = PBXFileReference; fileEncoding = 4; lastKnownFileType = text.plist.xctxtmacro; path = "Nitrogen Framework.xctxtmacro"; sourceTree = "<group>"; };
		339968CA0E8E524400B89A65 /* EXCompilerSpecificationErlc.h */ = {isa = PBXFileReference; fileEncoding = 4; lastKnownFileType = sourcecode.c.h; path = EXCompilerSpecificationErlc.h; sourceTree = "<group>"; };
		339968CB0E8E524400B89A65 /* EXCompilerSpecificationErlc.m */ = {isa = PBXFileReference; fileEncoding = 4; lastKnownFileType = sourcecode.c.objc; path = EXCompilerSpecificationErlc.m; sourceTree = "<group>"; };
		33A453E20E86A8AC00737D57 /* Erlang Macros.xctxtmacro */ = {isa = PBXFileReference; fileEncoding = 4; lastKnownFileType = text.plist.xctxtmacro; path = "Erlang Macros.xctxtmacro"; sourceTree = "<group>"; };
		33AF22520E914AA800034171 /* Erlang Compiler.xcspec */ = {isa = PBXFileReference; fileEncoding = 4; lastKnownFileType = text.plist.xcspec; path = "Erlang Compiler.xcspec"; sourceTree = "<group>"; };
		33C6132E0E91501C00EBBBE1 /* Erlang Syntax.xcsynspec */ = {isa = PBXFileReference; fileEncoding = 4; lastKnownFileType = text.plist.xcsynspec; path = "Erlang Syntax.xcsynspec"; sourceTree = "<group>"; };
		33D214A40E8AE2F4000B3678 /* XCPBuildSystem.h */ = {isa = PBXFileReference; fileEncoding = 4; lastKnownFileType = sourcecode.c.h; name = XCPBuildSystem.h; path = Headers/XCPBuildSystem.h; sourceTree = "<group>"; };
		33D214A50E8AE2F4000B3678 /* XCPBuildSystem.m */ = {isa = PBXFileReference; fileEncoding = 4; lastKnownFileType = sourcecode.c.objc; name = XCPBuildSystem.m; path = Headers/XCPBuildSystem.m; sourceTree = "<group>"; };
		33D214A60E8AE2F4000B3678 /* XCPDependencyGraph.h */ = {isa = PBXFileReference; fileEncoding = 4; lastKnownFileType = sourcecode.c.h; name = XCPDependencyGraph.h; path = Headers/XCPDependencyGraph.h; sourceTree = "<group>"; };
		33D214A70E8AE2F4000B3678 /* XCPOutputParsing.h */ = {isa = PBXFileReference; fileEncoding = 4; lastKnownFileType = sourcecode.c.h; name = XCPOutputParsing.h; path = Headers/XCPOutputParsing.h; sourceTree = "<group>"; };
		33D214A80E8AE2F4000B3678 /* XCPSpecifications.h */ = {isa = PBXFileReference; fileEncoding = 4; lastKnownFileType = sourcecode.c.h; name = XCPSpecifications.h; path = Headers/XCPSpecifications.h; sourceTree = "<group>"; };
		33D214A90E8AE2F4000B3678 /* XCPSupport.h */ = {isa = PBXFileReference; fileEncoding = 4; lastKnownFileType = sourcecode.c.h; name = XCPSupport.h; path = Headers/XCPSupport.h; sourceTree = "<group>"; };
		33D214AA0E8AE2F4000B3678 /* XCPSourceParsing.h */ = {isa = PBXFileReference; fileEncoding = 4; lastKnownFileType = sourcecode.c.h; name = XCPSourceParsing.h; path = Headers/XCPSourceParsing.h; sourceTree = "<group>"; };
		33D214C20E8AE39A000B3678 /* DevToolsCore.framework */ = {isa = PBXFileReference; lastKnownFileType = wrapper.framework; name = DevToolsCore.framework; path = Library/PrivateFrameworks/DevToolsCore.framework; sourceTree = DEVELOPER_DIR; };
		33D5FFF70E8AF76A002F7777 /* DevToolsSupport.framework */ = {isa = PBXFileReference; lastKnownFileType = wrapper.framework; name = DevToolsSupport.framework; path = Library/PrivateFrameworks/DevToolsSupport.framework; sourceTree = DEVELOPER_DIR; };
		33F2874B0E84938F003F2841 /* Erlang FileTypes.xcspec */ = {isa = PBXFileReference; fileEncoding = 4; lastKnownFileType = text.plist.xcspec; path = "Erlang FileTypes.xcspec"; sourceTree = "<group>"; };
		33F287560E84946E003F2841 /* Erlang Language.xclangspec */ = {isa = PBXFileReference; fileEncoding = 4; lastKnownFileType = text.plist.xclangspec; path = "Erlang Language.xclangspec"; sourceTree = "<group>"; };
		33F287590E849517003F2841 /* Erlang BuildRules.xcbuildrules */ = {isa = PBXFileReference; fileEncoding = 4; lastKnownFileType = text; path = "Erlang BuildRules.xcbuildrules"; sourceTree = "<group>"; };
		65DBA1180447BC6B00246FD8 /* ErlangPlugin.h */ = {isa = PBXFileReference; fileEncoding = 30; lastKnownFileType = sourcecode.c.h; path = ErlangPlugin.h; sourceTree = "<group>"; };
		65DBA1190447BC6B00246FD8 /* ErlangPlugin.m */ = {isa = PBXFileReference; fileEncoding = 30; lastKnownFileType = sourcecode.c.objc; path = ErlangPlugin.m; sourceTree = "<group>"; };
/* End PBXFileReference section */

/* Begin PBXFrameworksBuildPhase section */
		257573A7072882FA000BE9CA /* Frameworks */ = {
			isa = PBXFrameworksBuildPhase;
			buildActionMask = 2147483647;
			files = (
				257573A8072882FA000BE9CA /* Cocoa.framework in Frameworks */,
				33D214C30E8AE39A000B3678 /* DevToolsCore.framework in Frameworks */,
				33D5FFF80E8AF76A002F7777 /* DevToolsSupport.framework in Frameworks */,
				3302F51E0FC8322200FCF266 /* DevToolsFoundation.framework in Frameworks */,
			);
			runOnlyForDeploymentPostprocessing = 0;
		};
/* End PBXFrameworksBuildPhase section */

/* Begin PBXGroup section */
		089C166AFE841209C02AAC07 /* SEStudioEnabler */ = {
			isa = PBXGroup;
			children = (
				33D2149E0E8AE2D3000B3678 /* XCode API */,
				65DBA11C0447BC7100246FD8 /* Source */,
				089C167CFE841241C02AAC07 /* Resources */,
				089C1671FE841209C02AAC07 /* Frameworks and Libraries */,
				19C28FB8FE9D52D311CA2CBB /* Products */,
			);
			name = SEStudioEnabler;
			sourceTree = "<group>";
		};
		089C1671FE841209C02AAC07 /* Frameworks and Libraries */ = {
			isa = PBXGroup;
			children = (
				3302F51D0FC8322200FCF266 /* DevToolsFoundation.framework */,
				33D5FFF70E8AF76A002F7777 /* DevToolsSupport.framework */,
				33D214C20E8AE39A000B3678 /* DevToolsCore.framework */,
				1058C7ACFEA557BF11CA2CBB /* Linked Frameworks */,
				1058C7AEFEA557BF11CA2CBB /* Other Frameworks */,
			);
			name = "Frameworks and Libraries";
			sourceTree = "<group>";
		};
		089C167CFE841241C02AAC07 /* Resources */ = {
			isa = PBXGroup;
			children = (
				257573B4072882FA000BE9CA /* Info.plist */,
				089C167DFE841241C02AAC07 /* InfoPlist.strings */,
				334FB9A10ED469FF00E85ECD /* Erlang Architecture.xcspec */,
				3332E5FD0E8C263A00F0E592 /* Erlang ProductTypes.xcspec */,
				334FB98F0ED4696D00E85ECD /* Erlang PackageTypes.xcspec */,
				33F2874B0E84938F003F2841 /* Erlang FileTypes.xcspec */,
				33F287560E84946E003F2841 /* Erlang Language.xclangspec */,
				33A453E20E86A8AC00737D57 /* Erlang Macros.xctxtmacro */,
				33F287590E849517003F2841 /* Erlang BuildRules.xcbuildrules */,
				33AF22520E914AA800034171 /* Erlang Compiler.xcspec */,
				337F857D0EAE7E8400EF344B /* Erlang Tools.xcspec */,
				33C6132E0E91501C00EBBBE1 /* Erlang Syntax.xcsynspec */,
				337F857B0EAE7E3E00EF344B /* copyresources.rb */,
				338E8C810ECCFB3700E2426E /* Nitrogen Framework.xctxtmacro */,
			);
			path = Resources;
			sourceTree = "<group>";
		};
		1058C7ACFEA557BF11CA2CBB /* Linked Frameworks */ = {
			isa = PBXGroup;
			children = (
				1058C7ADFEA557BF11CA2CBB /* Cocoa.framework */,
			);
			name = "Linked Frameworks";
			sourceTree = "<group>";
		};
		1058C7AEFEA557BF11CA2CBB /* Other Frameworks */ = {
			isa = PBXGroup;
			children = (
				089C1672FE841209C02AAC07 /* Foundation.framework */,
				089C167FFE841241C02AAC07 /* AppKit.framework */,
			);
			name = "Other Frameworks";
			sourceTree = "<group>";
		};
		19C28FB8FE9D52D311CA2CBB /* Products */ = {
			isa = PBXGroup;
			children = (
				257573B5072882FA000BE9CA /* ErlangXcode.xcplugin */,
			);
			name = Products;
			sourceTree = "<group>";
		};
		33D2149E0E8AE2D3000B3678 /* XCode API */ = {
			isa = PBXGroup;
			children = (
				33D214A40E8AE2F4000B3678 /* XCPBuildSystem.h */,
				33D214A50E8AE2F4000B3678 /* XCPBuildSystem.m */,
				33D214A60E8AE2F4000B3678 /* XCPDependencyGraph.h */,
				33D214A70E8AE2F4000B3678 /* XCPOutputParsing.h */,
				33D214A80E8AE2F4000B3678 /* XCPSpecifications.h */,
				33D214A90E8AE2F4000B3678 /* XCPSupport.h */,
				33D214AA0E8AE2F4000B3678 /* XCPSourceParsing.h */,
			);
			name = "XCode API";
			sourceTree = "<group>";
		};
		65DBA11C0447BC7100246FD8 /* Source */ = {
			isa = PBXGroup;
			children = (
				65DBA1180447BC6B00246FD8 /* ErlangPlugin.h */,
				65DBA1190447BC6B00246FD8 /* ErlangPlugin.m */,
				339968CA0E8E524400B89A65 /* EXCompilerSpecificationErlc.h */,
				339968CB0E8E524400B89A65 /* EXCompilerSpecificationErlc.m */,
			);
			path = Source;
			sourceTree = "<group>";
		};
/* End PBXGroup section */

/* Begin PBXHeadersBuildPhase section */
		257573A0072882FA000BE9CA /* Headers */ = {
			isa = PBXHeadersBuildPhase;
			buildActionMask = 2147483647;
			files = (
				257573A1072882FA000BE9CA /* ErlangPlugin.h in Headers */,
				33D214AB0E8AE2F4000B3678 /* XCPBuildSystem.h in Headers */,
				33D214AD0E8AE2F4000B3678 /* XCPDependencyGraph.h in Headers */,
				33D214AE0E8AE2F4000B3678 /* XCPOutputParsing.h in Headers */,
				33D214AF0E8AE2F4000B3678 /* XCPSpecifications.h in Headers */,
				33D214B00E8AE2F4000B3678 /* XCPSupport.h in Headers */,
				33D214B10E8AE2F4000B3678 /* XCPSourceParsing.h in Headers */,
				339968CC0E8E524400B89A65 /* EXCompilerSpecificationErlc.h in Headers */,
			);
			runOnlyForDeploymentPostprocessing = 0;
		};
/* End PBXHeadersBuildPhase section */

/* Begin PBXNativeTarget section */
		2575739F072882FA000BE9CA /* Erlang */ = {
			isa = PBXNativeTarget;
			buildConfigurationList = 4E59BBE608A8196C001206A8 /* Build configuration list for PBXNativeTarget "Erlang" */;
			buildPhases = (
				257573A0072882FA000BE9CA /* Headers */,
				257573A2072882FA000BE9CA /* Resources */,
				257573A5072882FA000BE9CA /* Sources */,
				257573A7072882FA000BE9CA /* Frameworks */,
			);
			buildRules = (
			);
			dependencies = (
			);
			name = Erlang;
			productInstallPath = "$(HOME)/Library/Application Support/Apple/Developer Tools/Plug-ins";
			productName = SEStudioEnabler;
			productReference = 257573B5072882FA000BE9CA /* ErlangXcode.xcplugin */;
			productType = "com.apple.product-type.bundle";
		};
/* End PBXNativeTarget section */

/* Begin PBXProject section */
		089C1669FE841209C02AAC07 /* Project object */ = {
			isa = PBXProject;
			buildConfigurationList = 4E59BBEA08A8196C001206A8 /* Build configuration list for PBXProject "ErlangPlugin" */;
			compatibilityVersion = "Xcode 3.1";
			hasScannedForEncodings = 1;
			mainGroup = 089C166AFE841209C02AAC07 /* SEStudioEnabler */;
			projectDirPath = "";
			projectRoot = "";
			targets = (
				2575739F072882FA000BE9CA /* Erlang */,
			);
		};
/* End PBXProject section */

/* Begin PBXResourcesBuildPhase section */
		257573A2072882FA000BE9CA /* Resources */ = {
			isa = PBXResourcesBuildPhase;
			buildActionMask = 2147483647;
			files = (
				33F2874C0E84938F003F2841 /* Erlang FileTypes.xcspec in Resources */,
				33F287570E84946E003F2841 /* Erlang Language.xclangspec in Resources */,
				3301F6010E852376008D0AB0 /* Erlang BuildRules.xcbuildrules in Resources */,
				257573A3072882FA000BE9CA /* InfoPlist.strings in Resources */,
				33A453E30E86A8AC00737D57 /* Erlang Macros.xctxtmacro in Resources */,
				3332E5FE0E8C263A00F0E592 /* Erlang ProductTypes.xcspec in Resources */,
				33AF22530E914AA800034171 /* Erlang Compiler.xcspec in Resources */,
				33C6132F0E91501C00EBBBE1 /* Erlang Syntax.xcsynspec in Resources */,
				337F857C0EAE7E3E00EF344B /* copyresources.rb in Resources */,
				337F857E0EAE7E8400EF344B /* Erlang Tools.xcspec in Resources */,
				338E8C820ECCFB3700E2426E /* Nitrogen Framework.xctxtmacro in Resources */,
				334FB9900ED4696D00E85ECD /* Erlang PackageTypes.xcspec in Resources */,
			);
			runOnlyForDeploymentPostprocessing = 0;
		};
/* End PBXResourcesBuildPhase section */

/* Begin PBXSourcesBuildPhase section */
		257573A5072882FA000BE9CA /* Sources */ = {
			isa = PBXSourcesBuildPhase;
			buildActionMask = 2147483647;
			files = (
				257573A6072882FA000BE9CA /* ErlangPlugin.m in Sources */,
				33D214AC0E8AE2F4000B3678 /* XCPBuildSystem.m in Sources */,
				339968CD0E8E524400B89A65 /* EXCompilerSpecificationErlc.m in Sources */,
			);
			runOnlyForDeploymentPostprocessing = 0;
		};
/* End PBXSourcesBuildPhase section */

/* Begin PBXVariantGroup section */
		089C167DFE841241C02AAC07 /* InfoPlist.strings */ = {
			isa = PBXVariantGroup;
			children = (
				089C167EFE841241C02AAC07 /* English */,
			);
			name = InfoPlist.strings;
			sourceTree = "<group>";
		};
/* End PBXVariantGroup section */

/* Begin XCBuildConfiguration section */
		4E59BBE708A8196C001206A8 /* Debug */ = {
			isa = XCBuildConfiguration;
			buildSettings = {
				ARCHS = "$(ARCHS_STANDARD_32_64_BIT)";
				COPY_PHASE_STRIP = NO;
				FRAMEWORK_SEARCH_PATHS = (
					"$(inherited)",
					"\"$(DEVELOPER_DIR)/Library/PrivateFrameworks\"",
				);
				GCC_DYNAMIC_NO_PIC = NO;
				GCC_ENABLE_FIX_AND_CONTINUE = YES;
				GCC_MODEL_TUNING = G5;
				GCC_OPTIMIZATION_LEVEL = 0;
				GCC_PREPROCESSOR_DEFINITIONS_NOT_USED_IN_PRECOMPS = "XCODE_VERSION=30";
				INFOPLIST_FILE = resources/Info.plist;
				INSTALL_PATH = "$(HOME)/Library/Application Support/Apple/Developer Tools/Plug-ins";
				PRODUCT_NAME = ErlangXcode;
				WRAPPER_EXTENSION = xcplugin;
			};
			name = Debug;
		};
		4E59BBE808A8196C001206A8 /* Release */ = {
			isa = XCBuildConfiguration;
			buildSettings = {
				ARCHS = "$(ARCHS_STANDARD_32_64_BIT)";
				DEBUG_INFORMATION_FORMAT = "dwarf-with-dsym";
				FRAMEWORK_SEARCH_PATHS = (
					"$(inherited)",
					"\"$(DEVELOPER_DIR)/Library/PrivateFrameworks\"",
				);
				GCC_MODEL_TUNING = G5;
				GCC_PREPROCESSOR_DEFINITIONS_NOT_USED_IN_PRECOMPS = "XCODE_VERSION=30";
				INFOPLIST_FILE = resources/Info.plist;
				INSTALL_PATH = "$(HOME)/Library/Application Support/Apple/Developer Tools/Plug-ins";
				PRODUCT_NAME = ErlangXcode;
				WRAPPER_EXTENSION = xcplugin;
			};
			name = Release;
		};
		4E59BBEB08A8196C001206A8 /* Debug */ = {
			isa = XCBuildConfiguration;
			buildSettings = {
				ARCHS = "$(ARCHS_STANDARD_32_64_BIT)";
				CURRENT_PROJECT_VERSION = 0.tb3;
				GCC_C_LANGUAGE_STANDARD = c99;
				GCC_ENABLE_OBJC_GC = required;
				GCC_WARN_ABOUT_RETURN_TYPE = YES;
				GCC_WARN_UNUSED_VARIABLE = YES;
				LD_RUNPATH_SEARCH_PATHS = /Developer;
				ONLY_ACTIVE_ARCH = YES;
				PREBINDING = NO;
				SDKROOT = macosx10.5;
			};
			name = Debug;
		};
		4E59BBEC08A8196C001206A8 /* Release */ = {
			isa = XCBuildConfiguration;
			buildSettings = {
				ARCHS = "$(ARCHS_STANDARD_32_64_BIT)";
				CURRENT_PROJECT_VERSION = 0.tb3;
				GCC_C_LANGUAGE_STANDARD = c99;
				GCC_ENABLE_OBJC_GC = required;
				GCC_WARN_ABOUT_RETURN_TYPE = YES;
				GCC_WARN_UNUSED_VARIABLE = YES;
				LD_RUNPATH_SEARCH_PATHS = /Developer;
				PREBINDING = NO;
				SDKROOT = macosx10.5;
			};
			name = Release;
		};
/* End XCBuildConfiguration section */

/* Begin XCConfigurationList section */
		4E59BBE608A8196C001206A8 /* Build configuration list for PBXNativeTarget "Erlang" */ = {
			isa = XCConfigurationList;
			buildConfigurations = (
				4E59BBE708A8196C001206A8 /* Debug */,
				4E59BBE808A8196C001206A8 /* Release */,
			);
			defaultConfigurationIsVisible = 0;
			defaultConfigurationName = Release;
		};
		4E59BBEA08A8196C001206A8 /* Build configuration list for PBXProject "ErlangPlugin" */ = {
			isa = XCConfigurationList;
			buildConfigurations = (
				4E59BBEB08A8196C001206A8 /* Debug */,
				4E59BBEC08A8196C001206A8 /* Release */,
			);
			defaultConfigurationIsVisible = 0;
			defaultConfigurationName = Release;
		};
/* End XCConfigurationList section */
	};
	rootObject = 089C1669FE841209C02AAC07 /* Project object */;
}
